
Microsoft Visual Studio Solution File, Format Version 12.00
# Visual Studio Version 17
VisualStudioVersion = 17.0.31912.275
MinimumVisualStudioVersion = 10.0.40219.1
Project("{FAE04EC0-301F-11D3-BF4B-00C04F79EFBC}") = "UniManagementSystem", "UniManagementSystem.csproj", "{F34D7452-B986-4837-BA59-A64503179D13}"
EndProject
Global
	GlobalSection(SolutionConfigurationPlatforms) = preSolution
		Debug|Any CPU = Debug|Any CPU
		Release|Any CPU = Release|Any CPU
	EndGlobalSection
	GlobalSection(ProjectConfigurationPlatforms) = postSolution
		{F34D7452-B986-4837-BA59-A64503179D13}.Debug|Any CPU.ActiveCfg = Debug|Any CPU
		{F34D7452-B986-4837-BA59-A64503179D13}.Debug|Any CPU.Build.0 = Debug|Any CPU
		{F34D7452-B986-4837-BA59-A64503179D13}.Release|Any CPU.ActiveCfg = Release|Any CPU
		{F34D7452-B986-4837-BA59-A64503179D13}.Release|Any CPU.Build.0 = Release|Any CPU
	EndGlobalSection
	GlobalSection(SolutionProperties) = preSolution
		HideSolutionNode = FALSE
	EndGlobalSection
	GlobalSection(ExtensibilityGlobals) = postSolution
		SolutionGuid = {AF110247-BA07-4614-8840-58B6915B9E35}
	EndGlobalSection
EndGlobal
